{
    "_meta": {
        "hash": {
            "sha256": "fakesha256-test"
        },
        "pipfile-spec": 6,
        "requires": {},
        "sources": [
            {"name": "pypi", "url": "https://pypi.org/simple", "verify_ssl": true}
        ]
    },
    "default": {
        "pytest": {
            "version": "==7.4.0",
            "hashes": ["sha256:fakehash-pytest"]
        }
    },
    "develop": {}
}
